
Microsoft Visual Studio Solution File, Format Version 12.00
# Visual Studio Version 17
VisualStudioVersion = 17.14.36811.4 d17.14
MinimumVisualStudioVersion = 10.0.40219.1
Project("{FAE04EC0-301F-11D3-BF4B-00C04F79EFBC}") = "PoultryInventorySystem", "PoultryInventorySystem\PoultryInventorySystem.csproj", "{31BEF285-F8F8-4D36-8C85-B87F7D69DE53}"
EndProject
Global
	GlobalSection(SolutionConfigurationPlatforms) = preSolution
		Debug|Any CPU = Debug|Any CPU
		Release|Any CPU = Release|Any CPU
	EndGlobalSection
	GlobalSection(ProjectConfigurationPlatforms) = postSolution
		{31BEF285-F8F8-4D36-8C85-B87F7D69DE53}.Debug|Any CPU.ActiveCfg = Debug|Any CPU
		{31BEF285-F8F8-4D36-8C85-B87F7D69DE53}.Debug|Any CPU.Build.0 = Debug|Any CPU
		{31BEF285-F8F8-4D36-8C85-B87F7D69DE53}.Release|Any CPU.ActiveCfg = Release|Any CPU
		{31BEF285-F8F8-4D36-8C85-B87F7D69DE53}.Release|Any CPU.Build.0 = Release|Any CPU
	EndGlobalSection
	GlobalSection(SolutionProperties) = preSolution
		HideSolutionNode = FALSE
	EndGlobalSection
	GlobalSection(ExtensibilityGlobals) = postSolution
		SolutionGuid = {DEA40C20-BCCC-43C5-85E6-EE65276521DB}
	EndGlobalSection
EndGlobal
